{
  "name": "thinkinary-docs",
  "version": "1.0.0",
  "lockfileVersion": 1,
  "requires": true,
  "dependencies": {
    "docsify-sidebar-collapse": {
      "version": "1.3.3",
      "resolved": "https://registry.npmjs.org/docsify-sidebar-collapse/-/docsify-sidebar-collapse-1.3.3.tgz",
      "integrity": "sha512-fzd7ZdURPy2dYaOG01w8rexKqrEoaNZv1mHteegNei9+VP17um1+xQr6gPeHOtp3F51ciTNZiifxxUQQfdicbg=="
    }
  }
}
